
Microsoft Visual Studio Solution File, Format Version 12.00
# Visual Studio Version 17
VisualStudioVersion = 17.13.35806.99
MinimumVisualStudioVersion = 10.0.40219.1
Project("{FAE04EC0-301F-11D3-BF4B-00C04F79EFBC}") = "Yazilimxyz.WebAPI", "Yazilimxyz.WebAPI\Yazilimxyz.WebAPI.csproj", "{FF79E06C-CACE-409F-9CCE-69571D042821}"
EndProject
Project("{FAE04EC0-301F-11D3-BF4B-00C04F79EFBC}") = "Yazilimxyz.BusinessLayer", "Yazilimxyz.BusinessLayer\Yazilimxyz.BusinessLayer.csproj", "{51CAE7AC-6183-43E6-A4DC-530E9C238859}"
EndProject
Project("{FAE04EC0-301F-11D3-BF4B-00C04F79EFBC}") = "Yazilimxyz.EntityLayer", "Yazilimxyz.EntityLayer\Yazilimxyz.EntityLayer.csproj", "{CADA6FF1-BC16-4060-BA36-0C049BF24DA7}"
EndProject
Project("{FAE04EC0-301F-11D3-BF4B-00C04F79EFBC}") = "Yazilimxyz.DataAccessLayer", "Yazilimxyz.DataAccessLayer\Yazilimxyz.DataAccessLayer.csproj", "{8646BF87-45A9-4FAE-9EE4-FF8B3493C482}"
EndProject
Project("{FAE04EC0-301F-11D3-BF4B-00C04F79EFBC}") = "Yazilimxyz.InfrastructureLayer", "Yazilimxyz.InfrastructureLayer\Yazilimxyz.InfrastructureLayer.csproj", "{C10A5DA6-62A0-47D5-B738-0B3825EC439A}"
EndProject
Global
	GlobalSection(SolutionConfigurationPlatforms) = preSolution
		Debug|Any CPU = Debug|Any CPU
		Release|Any CPU = Release|Any CPU
	EndGlobalSection
	GlobalSection(ProjectConfigurationPlatforms) = postSolution
		{FF79E06C-CACE-409F-9CCE-69571D042821}.Debug|Any CPU.ActiveCfg = Debug|Any CPU
		{FF79E06C-CACE-409F-9CCE-69571D042821}.Debug|Any CPU.Build.0 = Debug|Any CPU
		{FF79E06C-CACE-409F-9CCE-69571D042821}.Release|Any CPU.ActiveCfg = Release|Any CPU
		{FF79E06C-CACE-409F-9CCE-69571D042821}.Release|Any CPU.Build.0 = Release|Any CPU
		{51CAE7AC-6183-43E6-A4DC-530E9C238859}.Debug|Any CPU.ActiveCfg = Debug|Any CPU
		{51CAE7AC-6183-43E6-A4DC-530E9C238859}.Debug|Any CPU.Build.0 = Debug|Any CPU
		{51CAE7AC-6183-43E6-A4DC-530E9C238859}.Release|Any CPU.ActiveCfg = Release|Any CPU
		{51CAE7AC-6183-43E6-A4DC-530E9C238859}.Release|Any CPU.Build.0 = Release|Any CPU
		{CADA6FF1-BC16-4060-BA36-0C049BF24DA7}.Debug|Any CPU.ActiveCfg = Debug|Any CPU
		{CADA6FF1-BC16-4060-BA36-0C049BF24DA7}.Debug|Any CPU.Build.0 = Debug|Any CPU
		{CADA6FF1-BC16-4060-BA36-0C049BF24DA7}.Release|Any CPU.ActiveCfg = Release|Any CPU
		{CADA6FF1-BC16-4060-BA36-0C049BF24DA7}.Release|Any CPU.Build.0 = Release|Any CPU
		{8646BF87-45A9-4FAE-9EE4-FF8B3493C482}.Debug|Any CPU.ActiveCfg = Debug|Any CPU
		{8646BF87-45A9-4FAE-9EE4-FF8B3493C482}.Debug|Any CPU.Build.0 = Debug|Any CPU
		{8646BF87-45A9-4FAE-9EE4-FF8B3493C482}.Release|Any CPU.ActiveCfg = Release|Any CPU
		{8646BF87-45A9-4FAE-9EE4-FF8B3493C482}.Release|Any CPU.Build.0 = Release|Any CPU
		{C10A5DA6-62A0-47D5-B738-0B3825EC439A}.Debug|Any CPU.ActiveCfg = Debug|Any CPU
		{C10A5DA6-62A0-47D5-B738-0B3825EC439A}.Debug|Any CPU.Build.0 = Debug|Any CPU
		{C10A5DA6-62A0-47D5-B738-0B3825EC439A}.Release|Any CPU.ActiveCfg = Release|Any CPU
		{C10A5DA6-62A0-47D5-B738-0B3825EC439A}.Release|Any CPU.Build.0 = Release|Any CPU
	EndGlobalSection
	GlobalSection(SolutionProperties) = preSolution
		HideSolutionNode = FALSE
	EndGlobalSection
	GlobalSection(ExtensibilityGlobals) = postSolution
		SolutionGuid = {BA356C12-29FA-44D2-BF20-ED60AB5AB0B9}
	EndGlobalSection
EndGlobal
