
Microsoft Visual Studio Solution File, Format Version 12.00
# Visual Studio Version 17
VisualStudioVersion = 17.13.35806.99
MinimumVisualStudioVersion = 10.0.40219.1
Project("{FAE04EC0-301F-11D3-BF4B-00C04F79EFBC}") = "YazilimxyzWebAPI", "YazilimxyzWebAPI\YazilimxyzWebAPI.csproj", "{70DCDC17-6A7F-4A07-9B82-7AC5802564F6}"
EndProject
Global
	GlobalSection(SolutionConfigurationPlatforms) = preSolution
		Debug|Any CPU = Debug|Any CPU
		Release|Any CPU = Release|Any CPU
	EndGlobalSection
	GlobalSection(ProjectConfigurationPlatforms) = postSolution
		{70DCDC17-6A7F-4A07-9B82-7AC5802564F6}.Debug|Any CPU.ActiveCfg = Debug|Any CPU
		{70DCDC17-6A7F-4A07-9B82-7AC5802564F6}.Debug|Any CPU.Build.0 = Debug|Any CPU
		{70DCDC17-6A7F-4A07-9B82-7AC5802564F6}.Release|Any CPU.ActiveCfg = Release|Any CPU
		{70DCDC17-6A7F-4A07-9B82-7AC5802564F6}.Release|Any CPU.Build.0 = Release|Any CPU
	EndGlobalSection
	GlobalSection(SolutionProperties) = preSolution
		HideSolutionNode = FALSE
	EndGlobalSection
	GlobalSection(ExtensibilityGlobals) = postSolution
		SolutionGuid = {CBE13C0C-AB17-4844-8A2C-6D81BB2903A9}
	EndGlobalSection
EndGlobal
